{
  "name": "shlapi",
  "version": "1.0.0",
  "lockfileVersion": 2,
  "requires": true,
  "packages": {
    "": {
      "name": "shlapi",
      "version": "1.0.0",
      "license": "MIT",
      "dependencies": {
        "hue": "^0.2.5"
      }
    },
    "node_modules/axios": {
      "version": "0.23.0",
      "resolved": "https://registry.npmjs.org/axios/-/axios-0.23.0.tgz",
      "integrity": "sha512-NmvAE4i0YAv5cKq8zlDoPd1VLKAqX5oLuZKs8xkJa4qi6RGn0uhCYFjWtHHC9EM/MwOwYWOs53W+V0aqEXq1sg==",
      "dependencies": {
        "follow-redirects": "^1.14.4"
      }
    },
    "node_modules/follow-redirects": {
      "version": "1.14.9",
      "resolved": "https://registry.npmjs.org/follow-redirects/-/follow-redirects-1.14.9.tgz",
      "integrity": "sha512-MQDfihBQYMcyy5dhRDJUHcw7lb2Pv/TuE6xP1vyraLukNDHKbDxDNaOE3NbCAdKQApno+GPRyo1YAp89yCjK4w==",
      "funding": [
        {
          "type": "individual",
          "url": "https://github.com/sponsors/RubenVerborgh"
        }
      ],
      "engines": {
        "node": ">=4.0"
      },
      "peerDependenciesMeta": {
        "debug": {
          "optional": true
        }
      }
    },
    "node_modules/hue": {
      "version": "0.2.5",
      "resolved": "https://registry.npmjs.org/hue/-/hue-0.2.5.tgz",
      "integrity": "sha512-TWhQB6Iwc7gR18yi2GLMPdq2RO80txz9tDhBKRCjNc4GLq0e42xw1GeQAIEIqGP208G+/z1wlBIZrvpfxF0lNg==",
      "dependencies": {
        "axios": "^0.23.0"
      }
    }
  },
  "dependencies": {
    "axios": {
      "version": "0.23.0",
      "resolved": "https://registry.npmjs.org/axios/-/axios-0.23.0.tgz",
      "integrity": "sha512-NmvAE4i0YAv5cKq8zlDoPd1VLKAqX5oLuZKs8xkJa4qi6RGn0uhCYFjWtHHC9EM/MwOwYWOs53W+V0aqEXq1sg==",
      "requires": {
        "follow-redirects": "^1.14.4"
      }
    },
    "follow-redirects": {
      "version": "1.14.9",
      "resolved": "https://registry.npmjs.org/follow-redirects/-/follow-redirects-1.14.9.tgz",
      "integrity": "sha512-MQDfihBQYMcyy5dhRDJUHcw7lb2Pv/TuE6xP1vyraLukNDHKbDxDNaOE3NbCAdKQApno+GPRyo1YAp89yCjK4w=="
    },
    "hue": {
      "version": "0.2.5",
      "resolved": "https://registry.npmjs.org/hue/-/hue-0.2.5.tgz",
      "integrity": "sha512-TWhQB6Iwc7gR18yi2GLMPdq2RO80txz9tDhBKRCjNc4GLq0e42xw1GeQAIEIqGP208G+/z1wlBIZrvpfxF0lNg==",
      "requires": {
        "axios": "^0.23.0"
      }
    }
  }
}
